
Microsoft Visual Studio Solution File, Format Version 12.00
# Visual Studio Version 17
VisualStudioVersion = 17.5.002.0
MinimumVisualStudioVersion = 10.0.40219.1
Project("{9A19103F-16F7-4668-BE54-9A1E7A4F7556}") = "testProject", "testProject.csproj", "{7F4FA7EA-FD46-4E80-9335-D8EF29EEC19F}"
EndProject
Global
	GlobalSection(SolutionConfigurationPlatforms) = preSolution
		Debug|Any CPU = Debug|Any CPU
		Release|Any CPU = Release|Any CPU
	EndGlobalSection
	GlobalSection(ProjectConfigurationPlatforms) = postSolution
		{7F4FA7EA-FD46-4E80-9335-D8EF29EEC19F}.Debug|Any CPU.ActiveCfg = Debug|Any CPU
		{7F4FA7EA-FD46-4E80-9335-D8EF29EEC19F}.Debug|Any CPU.Build.0 = Debug|Any CPU
		{7F4FA7EA-FD46-4E80-9335-D8EF29EEC19F}.Release|Any CPU.ActiveCfg = Release|Any CPU
		{7F4FA7EA-FD46-4E80-9335-D8EF29EEC19F}.Release|Any CPU.Build.0 = Release|Any CPU
	EndGlobalSection
	GlobalSection(SolutionProperties) = preSolution
		HideSolutionNode = FALSE
	EndGlobalSection
	GlobalSection(ExtensibilityGlobals) = postSolution
		SolutionGuid = {8946A049-4AE2-4504-9B35-1E48D5FCE264}
	EndGlobalSection
EndGlobal
